
Microsoft Visual Studio Solution File, Format Version 12.00
# Visual Studio Version 17
VisualStudioVersion = 17.13.35931.197 d17.13
MinimumVisualStudioVersion = 10.0.40219.1
Project("{FAE04EC0-301F-11D3-BF4B-00C04F79EFBC}") = "firstDEMO", "firstDEMO\firstDEMO.csproj", "{A21EF1C1-C227-4C10-ABE9-F26F5F63D821}"
EndProject
Global
	GlobalSection(SolutionConfigurationPlatforms) = preSolution
		Debug|Any CPU = Debug|Any CPU
		Release|Any CPU = Release|Any CPU
	EndGlobalSection
	GlobalSection(ProjectConfigurationPlatforms) = postSolution
		{A21EF1C1-C227-4C10-ABE9-F26F5F63D821}.Debug|Any CPU.ActiveCfg = Debug|Any CPU
		{A21EF1C1-C227-4C10-ABE9-F26F5F63D821}.Debug|Any CPU.Build.0 = Debug|Any CPU
		{A21EF1C1-C227-4C10-ABE9-F26F5F63D821}.Release|Any CPU.ActiveCfg = Release|Any CPU
		{A21EF1C1-C227-4C10-ABE9-F26F5F63D821}.Release|Any CPU.Build.0 = Release|Any CPU
	EndGlobalSection
	GlobalSection(SolutionProperties) = preSolution
		HideSolutionNode = FALSE
	EndGlobalSection
	GlobalSection(ExtensibilityGlobals) = postSolution
		SolutionGuid = {E30D8E95-17A3-4F12-9F91-BBADC1BCAB59}
	EndGlobalSection
EndGlobal
